
Microsoft Visual Studio Solution File, Format Version 12.00
# Visual Studio 14
VisualStudioVersion = 14.0.23107.0
MinimumVisualStudioVersion = 10.0.40219.1
Project("{FAE04EC0-301F-11D3-BF4B-00C04F79EFBC}") = "PTOOP_3", "PTOOP_3\PTOOP_3.csproj", "{57C5BD36-88FE-47DB-90B6-DE1D3D316B75}"
EndProject
Project("{FAE04EC0-301F-11D3-BF4B-00C04F79EFBC}") = "LibraryInterface", "LibraryInterface\LibraryInterface.csproj", "{23DC29A2-AD1B-444C-B955-CDBDF69505A4}"
EndProject
Project("{FAE04EC0-301F-11D3-BF4B-00C04F79EFBC}") = "Ship", "Ship\Ship.csproj", "{7592977C-C152-4FF5-8FE5-7CE6B1E60432}"
	ProjectSection(ProjectDependencies) = postProject
		{57C5BD36-88FE-47DB-90B6-DE1D3D316B75} = {57C5BD36-88FE-47DB-90B6-DE1D3D316B75}
		{23DC29A2-AD1B-444C-B955-CDBDF69505A4} = {23DC29A2-AD1B-444C-B955-CDBDF69505A4}
	EndProjectSection
EndProject
Project("{FAE04EC0-301F-11D3-BF4B-00C04F79EFBC}") = "VehicleLibrary", "VehicleLibrary\VehicleLibrary.csproj", "{D3DF29D3-2278-48E0-BBEE-03763102E0A2}"
EndProject
Global
	GlobalSection(SolutionConfigurationPlatforms) = preSolution
		Debug|Any CPU = Debug|Any CPU
		Release|Any CPU = Release|Any CPU
	EndGlobalSection
	GlobalSection(ProjectConfigurationPlatforms) = postSolution
		{57C5BD36-88FE-47DB-90B6-DE1D3D316B75}.Debug|Any CPU.ActiveCfg = Debug|Any CPU
		{57C5BD36-88FE-47DB-90B6-DE1D3D316B75}.Debug|Any CPU.Build.0 = Debug|Any CPU
		{57C5BD36-88FE-47DB-90B6-DE1D3D316B75}.Release|Any CPU.ActiveCfg = Release|Any CPU
		{57C5BD36-88FE-47DB-90B6-DE1D3D316B75}.Release|Any CPU.Build.0 = Release|Any CPU
		{23DC29A2-AD1B-444C-B955-CDBDF69505A4}.Debug|Any CPU.ActiveCfg = Debug|Any CPU
		{23DC29A2-AD1B-444C-B955-CDBDF69505A4}.Debug|Any CPU.Build.0 = Debug|Any CPU
		{23DC29A2-AD1B-444C-B955-CDBDF69505A4}.Release|Any CPU.ActiveCfg = Release|Any CPU
		{23DC29A2-AD1B-444C-B955-CDBDF69505A4}.Release|Any CPU.Build.0 = Release|Any CPU
		{7592977C-C152-4FF5-8FE5-7CE6B1E60432}.Debug|Any CPU.ActiveCfg = Debug|Any CPU
		{7592977C-C152-4FF5-8FE5-7CE6B1E60432}.Debug|Any CPU.Build.0 = Debug|Any CPU
		{7592977C-C152-4FF5-8FE5-7CE6B1E60432}.Release|Any CPU.ActiveCfg = Release|Any CPU
		{7592977C-C152-4FF5-8FE5-7CE6B1E60432}.Release|Any CPU.Build.0 = Release|Any CPU
		{D3DF29D3-2278-48E0-BBEE-03763102E0A2}.Debug|Any CPU.ActiveCfg = Debug|Any CPU
		{D3DF29D3-2278-48E0-BBEE-03763102E0A2}.Debug|Any CPU.Build.0 = Debug|Any CPU
		{D3DF29D3-2278-48E0-BBEE-03763102E0A2}.Release|Any CPU.ActiveCfg = Release|Any CPU
		{D3DF29D3-2278-48E0-BBEE-03763102E0A2}.Release|Any CPU.Build.0 = Release|Any CPU
	EndGlobalSection
	GlobalSection(SolutionProperties) = preSolution
		HideSolutionNode = FALSE
	EndGlobalSection
EndGlobal
